# THIS IS AN AUTOGENERATED FILE. DO NOT EDIT THIS FILE DIRECTLY.
# yarn lockfile v1


commander@^6.0.0:
  version "6.2.1"
  resolved "https://registry.yarnpkg.com/commander/-/commander-6.2.1.tgz#0792eb682dfbc325999bb2b84fddddba110ac73c"
  integrity sha512-U7VdrJFnJgo4xjrHpTzu0yrHPGImdsmD95ZlgYSEajAn2JKzDhDTPG9kBTefmObL2w/ngeZnilk+OV9CG3d7UA==

katex@^0.13.2:
  version "0.13.2"
  resolved "https://registry.yarnpkg.com/katex/-/katex-0.13.2.tgz#4075b9144e6af992ec9a4b772fa3754763be5f26"
  integrity sha512-u/KhjFDhyPr+70aiBn9SL/9w/QlLagIXBi2NZSbNnBUp2tR8dCjQplyEMkEzniem5gOeSCBjlBUg4VaiWs1JJg==
  dependencies:
    commander "^6.0.0"

markdown-it-texmath@^0.8.0:
  version "0.8.0"
  resolved "https://registry.yarnpkg.com/markdown-it-texmath/-/markdown-it-texmath-0.8.0.tgz#2ef92db15227d151f9397ad0f36b4a5b0a6164df"
  integrity sha512-/59D3rW/IG+tBoZv0Fuqg4XKhqGKYG+4us9JJ+9ZrERaN1XBMpU3U0wyOhynsJulKpGrZ0xa3+f9p35leuFc8w==
